
Microsoft Visual Studio Solution File, Format Version 12.00
# Visual Studio 15
VisualStudioVersion = 15.0.27130.2036
MinimumVisualStudioVersion = 10.0.40219.1
Project("{FAE04EC0-301F-11D3-BF4B-00C04F79EFBC}") = "Kofi.Waves", "Kofi.Waves\Kofi.Waves.csproj", "{859415A2-AD62-4A86-8FC5-7746B5C4983E}"
EndProject
Project("{FAE04EC0-301F-11D3-BF4B-00C04F79EFBC}") = "Kofi.Waves.Tests", "Kofi.Waves.Tests\Kofi.Waves.Tests.csproj", "{2E3DF5C2-8A38-4A03-86D7-8D463C917E47}"
EndProject
Project("{FAE04EC0-301F-11D3-BF4B-00C04F79EFBC}") = "Kofi.Waves.API", "Kofi.Waves.API\Kofi.Waves.API.csproj", "{AF2596A2-0B14-4889-89DF-C41C1A675B25}"
EndProject
Global
	GlobalSection(SolutionConfigurationPlatforms) = preSolution
		Debug|Any CPU = Debug|Any CPU
		Release|Any CPU = Release|Any CPU
	EndGlobalSection
	GlobalSection(ProjectConfigurationPlatforms) = postSolution
		{859415A2-AD62-4A86-8FC5-7746B5C4983E}.Debug|Any CPU.ActiveCfg = Debug|Any CPU
		{859415A2-AD62-4A86-8FC5-7746B5C4983E}.Debug|Any CPU.Build.0 = Debug|Any CPU
		{859415A2-AD62-4A86-8FC5-7746B5C4983E}.Release|Any CPU.ActiveCfg = Release|Any CPU
		{859415A2-AD62-4A86-8FC5-7746B5C4983E}.Release|Any CPU.Build.0 = Release|Any CPU
		{2E3DF5C2-8A38-4A03-86D7-8D463C917E47}.Debug|Any CPU.ActiveCfg = Debug|Any CPU
		{2E3DF5C2-8A38-4A03-86D7-8D463C917E47}.Debug|Any CPU.Build.0 = Debug|Any CPU
		{2E3DF5C2-8A38-4A03-86D7-8D463C917E47}.Release|Any CPU.ActiveCfg = Release|Any CPU
		{2E3DF5C2-8A38-4A03-86D7-8D463C917E47}.Release|Any CPU.Build.0 = Release|Any CPU
		{AF2596A2-0B14-4889-89DF-C41C1A675B25}.Debug|Any CPU.ActiveCfg = Debug|Any CPU
		{AF2596A2-0B14-4889-89DF-C41C1A675B25}.Debug|Any CPU.Build.0 = Debug|Any CPU
		{AF2596A2-0B14-4889-89DF-C41C1A675B25}.Release|Any CPU.ActiveCfg = Release|Any CPU
		{AF2596A2-0B14-4889-89DF-C41C1A675B25}.Release|Any CPU.Build.0 = Release|Any CPU
	EndGlobalSection
	GlobalSection(SolutionProperties) = preSolution
		HideSolutionNode = FALSE
	EndGlobalSection
	GlobalSection(ExtensibilityGlobals) = postSolution
		SolutionGuid = {52A505FD-F93F-4E68-935B-69BBCA073A18}
	EndGlobalSection
EndGlobal
